
Microsoft Visual Studio Solution File, Format Version 12.00
# Visual Studio Version 17
VisualStudioVersion = 17.10.34928.147
MinimumVisualStudioVersion = 10.0.40219.1
Project("{F184B08F-C81C-45F6-A57F-5ABD9991F28F}") = "program9(multiPageQuiz)", "program9(multiPageQuiz).vbproj", "{8D28A819-69FA-43D9-98ED-F5AF64F06E13}"
EndProject
Global
	GlobalSection(SolutionConfigurationPlatforms) = preSolution
		Debug|Any CPU = Debug|Any CPU
		Release|Any CPU = Release|Any CPU
	EndGlobalSection
	GlobalSection(ProjectConfigurationPlatforms) = postSolution
		{8D28A819-69FA-43D9-98ED-F5AF64F06E13}.Debug|Any CPU.ActiveCfg = Debug|Any CPU
		{8D28A819-69FA-43D9-98ED-F5AF64F06E13}.Debug|Any CPU.Build.0 = Debug|Any CPU
		{8D28A819-69FA-43D9-98ED-F5AF64F06E13}.Release|Any CPU.ActiveCfg = Release|Any CPU
		{8D28A819-69FA-43D9-98ED-F5AF64F06E13}.Release|Any CPU.Build.0 = Release|Any CPU
	EndGlobalSection
	GlobalSection(SolutionProperties) = preSolution
		HideSolutionNode = FALSE
	EndGlobalSection
	GlobalSection(ExtensibilityGlobals) = postSolution
		SolutionGuid = {43A88950-C99A-44F5-BA54-18ACB4ED36A0}
	EndGlobalSection
EndGlobal
